<?xml version="1.0" encoding="utf-8"?>
<Project ToolsVersion="4.0" xmlns="http://schemas.microsoft.com/developer/msbuild/2003">
  <ItemGroup>
    <Filter Include="Main">
      <UniqueIdentifier>{b3dc2522-72bc-4e50-9adf-7ec48d1cef0d}</UniqueIdentifier>
    </Filter>
    <Filter Include="Utils">
      <UniqueIdentifier>{5c510d1b-5616-427d-86c0-870f3e51ca9d}</UniqueIdentifier>
    </Filter>
    <Filter Include="Protocol">
      <UniqueIdentifier>{d0e25e20-bdcf-4818-bce5-239435f1efea}</UniqueIdentifier>
    </Filter>
    <Filter Include="GameContents">
      <UniqueIdentifier>{da51e85f-a537-4c69-8f0c-9ccc29ff4376}</UniqueIdentifier>
    </Filter>
    <Filter Include="DB">
      <UniqueIdentifier>{aa8bb5b7-b528-42fd-a5ec-c7e8d234b958}</UniqueIdentifier>
    </Filter>
    <Filter Include="Common">
      <UniqueIdentifier>{6ce9dbaf-0a48-41dd-bf26-306c98777d59}</UniqueIdentifier>
    </Filter>
    <Filter Include="Data">
      <UniqueIdentifier>{76e2cb2d-e20c-4d1d-ad68-d70c44591e04}</UniqueIdentifier>
    </Filter>
    <Filter Include="File">
      <UniqueIdentifier>{3e319f98-af58-471f-a630-97695602be88}</UniqueIdentifier>
    </Filter>
    <Filter Include="GameContents\Object">
      <UniqueIdentifier>{3fcaa870-988f-4fd8-81ca-80ee57871a68}</UniqueIdentifier>
    </Filter>
    <Filter Include="GameContents\Room">
      <UniqueIdentifier>{7a9bcea4-9c60-4fb3-a2d7-b663078e5060}</UniqueIdentifier>
    </Filter>
    <Filter Include="GameContents\Item">
      <UniqueIdentifier>{1779a35a-61ed-440d-ab71-1cfca678ed26}</UniqueIdentifier>
    </Filter>
  </ItemGroup>
  <ItemGroup>
    <ClCompile Include="GameServer.cpp">
      <Filter>Main</Filter>
    </ClCompile>
    <ClCompile Include="pch.cpp">
      <Filter>Utils</Filter>
    </ClCompile>
    <ClCompile Include="LockFreeStack.cpp">
      <Filter>Main</Filter>
    </ClCompile>
    <ClCompile Include="GameSession.cpp">
      <Filter>Main</Filter>
    </ClCompile>
    <ClCompile Include="GameSessionManager.cpp">
      <Filter>Main</Filter>
    </ClCompile>
    <ClCompile Include="ClientPacketHandler.cpp">
      <Filter>Main</Filter>
    </ClCompile>
    <ClCompile Include="Protocol.pb.cc">
      <Filter>Protocol</Filter>
    </ClCompile>
    <ClCompile Include="ServerDB.cpp">
      <Filter>DB</Filter>
    </ClCompile>
    <ClCompile Include="DataManager.cpp">
      <Filter>Data</Filter>
    </ClCompile>
    <ClCompile Include="ConfigManager.cpp">
      <Filter>Data</Filter>
    </ClCompile>
    <ClCompile Include="FileManager.cpp">
      <Filter>File</Filter>
    </ClCompile>
    <ClCompile Include="DBSerializer.cpp">
      <Filter>DB</Filter>
    </ClCompile>
    <ClCompile Include="Room.cpp">
      <Filter>GameContents\Room</Filter>
    </ClCompile>
    <ClCompile Include="Player.cpp">
      <Filter>GameContents\Object</Filter>
    </ClCompile>
    <ClCompile Include="ObjectManager.cpp">
      <Filter>GameContents\Object</Filter>
    </ClCompile>
    <ClCompile Include="GameObject.cpp">
      <Filter>GameContents\Object</Filter>
    </ClCompile>
    <ClCompile Include="Item.cpp">
      <Filter>GameContents\Item</Filter>
    </ClCompile>
    <ClCompile Include="Inventory.cpp">
      <Filter>GameContents\Item</Filter>
    </ClCompile>
    <ClCompile Include="RoomManager.cpp">
      <Filter>GameContents\Room</Filter>
    </ClCompile>
    <ClCompile Include="Map.cpp">
      <Filter>Common</Filter>
    </ClCompile>
    <ClCompile Include="ViewCube.cpp">
      <Filter>Common</Filter>
    </ClCompile>
    <ClCompile Include="Zone.cpp">
      <Filter>Common</Filter>
    </ClCompile>
    <ClCompile Include="Util.cpp">
      <Filter>Utils</Filter>
    </ClCompile>
    <ClCompile Include="StringReader.cpp">
      <Filter>File</Filter>
    </ClCompile>
    <ClCompile Include="Monster.cpp">
      <Filter>GameContents\Object</Filter>
    </ClCompile>
    <ClCompile Include="Projectile.cpp">
      <Filter>GameContents\Object</Filter>
    </ClCompile>
    <ClCompile Include="Heartbeat.cpp">
      <Filter>Common</Filter>
    </ClCompile>
    <ClCompile Include="Arrow.cpp">
      <Filter>GameContents\Object</Filter>
    </ClCompile>
    <ClCompile Include="Random.cpp">
      <Filter>Common</Filter>
    </ClCompile>
  </ItemGroup>
  <ItemGroup>
    <ClInclude Include="pch.h">
      <Filter>Utils</Filter>
    </ClInclude>
    <ClInclude Include="LockFreeStack.h">
      <Filter>Main</Filter>
    </ClInclude>
    <ClInclude Include="GameSession.h">
      <Filter>Main</Filter>
    </ClInclude>
    <ClInclude Include="GameSessionManager.h">
      <Filter>Main</Filter>
    </ClInclude>
    <ClInclude Include="ClientPacketHandler.h">
      <Filter>Main</Filter>
    </ClInclude>
    <ClInclude Include="Types.h">
      <Filter>Utils</Filter>
    </ClInclude>
    <ClInclude Include="Protocol.pb.h">
      <Filter>Protocol</Filter>
    </ClInclude>
    <ClInclude Include="DataManager.h">
      <Filter>Data</Filter>
    </ClInclude>
    <ClInclude Include="DataContents.h">
      <Filter>Data</Filter>
    </ClInclude>
    <ClInclude Include="FileManager.h">
      <Filter>File</Filter>
    </ClInclude>
    <ClInclude Include="ConfigManager.h">
      <Filter>Data</Filter>
    </ClInclude>
    <ClInclude Include="Info.h">
      <Filter>Common</Filter>
    </ClInclude>
    <ClInclude Include="ServerDB.h">
      <Filter>DB</Filter>
    </ClInclude>
    <ClInclude Include="DBSerializer.h">
      <Filter>DB</Filter>
    </ClInclude>
    <ClInclude Include="Room.h">
      <Filter>GameContents\Room</Filter>
    </ClInclude>
    <ClInclude Include="Player.h">
      <Filter>GameContents\Object</Filter>
    </ClInclude>
    <ClInclude Include="ObjectManager.h">
      <Filter>GameContents\Object</Filter>
    </ClInclude>
    <ClInclude Include="GameObject.h">
      <Filter>GameContents\Object</Filter>
    </ClInclude>
    <ClInclude Include="Item.h">
      <Filter>GameContents\Item</Filter>
    </ClInclude>
    <ClInclude Include="DataModel.h">
      <Filter>DB</Filter>
    </ClInclude>
    <ClInclude Include="Inventory.h">
      <Filter>GameContents\Item</Filter>
    </ClInclude>
    <ClInclude Include="RoomManager.h">
      <Filter>GameContents\Room</Filter>
    </ClInclude>
    <ClInclude Include="Map.h">
      <Filter>Common</Filter>
    </ClInclude>
    <ClInclude Include="ViewCube.h">
      <Filter>Common</Filter>
    </ClInclude>
    <ClInclude Include="Zone.h">
      <Filter>Common</Filter>
    </ClInclude>
    <ClInclude Include="Util.h">
      <Filter>Utils</Filter>
    </ClInclude>
    <ClInclude Include="StringReader.h">
      <Filter>File</Filter>
    </ClInclude>
    <ClInclude Include="Monster.h">
      <Filter>GameContents\Object</Filter>
    </ClInclude>
    <ClInclude Include="Projectile.h">
      <Filter>GameContents\Object</Filter>
    </ClInclude>
    <ClInclude Include="Heartbeat.h">
      <Filter>Common</Filter>
    </ClInclude>
    <ClInclude Include="Arrow.h">
      <Filter>GameContents\Object</Filter>
    </ClInclude>
    <ClInclude Include="Random.h">
      <Filter>Common</Filter>
    </ClInclude>
  </ItemGroup>
</Project>